// !$*UTF8*$!
{
	archiveVersion = 1;
	classes = {
	};
	objectVersion = 46;
	objects = {

/* Begin PBXBuildFile section */
		4804C4E118651CDB00275F5D /* Foundation.framework in Frameworks */ = {isa = PBXBuildFile; fileRef = 4804C4E018651CDB00275F5D /* Foundation.framework */; };
		4804C4E318651CDB00275F5D /* CoreGraphics.framework in Frameworks */ = {isa = PBXBuildFile; fileRef = 4804C4E218651CDB00275F5D /* CoreGraphics.framework */; };
		4804C4E518651CDB00275F5D /* UIKit.framework in Frameworks */ = {isa = PBXBuildFile; fileRef = 4804C4E418651CDB00275F5D /* UIKit.framework */; };
		4804C4EB18651CDB00275F5D /* InfoPlist.strings in Resources */ = {isa = PBXBuildFile; fileRef = 4804C4E918651CDB00275F5D /* InfoPlist.strings */; };
		4804C4ED18651CDB00275F5D /* main.m in Sources */ = {isa = PBXBuildFile; fileRef = 4804C4EC18651CDB00275F5D /* main.m */; };
		4804C4F118651CDB00275F5D /* CardGameAppDelegate.m in Sources */ = {isa = PBXBuildFile; fileRef = 4804C4F018651CDB00275F5D /* CardGameAppDelegate.m */; };
		4804C4F418651CDB00275F5D /* Main.storyboard in Resources */ = {isa = PBXBuildFile; fileRef = 4804C4F218651CDB00275F5D /* Main.storyboard */; };
		4804C4F718651CDB00275F5D /* CardGameViewController.m in Sources */ = {isa = PBXBuildFile; fileRef = 4804C4F618651CDB00275F5D /* CardGameViewController.m */; };
		4804C4F918651CDB00275F5D /* Images.xcassets in Resources */ = {isa = PBXBuildFile; fileRef = 4804C4F818651CDB00275F5D /* Images.xcassets */; };
		4804C50018651CDB00275F5D /* XCTest.framework in Frameworks */ = {isa = PBXBuildFile; fileRef = 4804C4FF18651CDB00275F5D /* XCTest.framework */; };
		4804C50118651CDB00275F5D /* Foundation.framework in Frameworks */ = {isa = PBXBuildFile; fileRef = 4804C4E018651CDB00275F5D /* Foundation.framework */; };
		4804C50218651CDB00275F5D /* UIKit.framework in Frameworks */ = {isa = PBXBuildFile; fileRef = 4804C4E418651CDB00275F5D /* UIKit.framework */; };
		4804C50A18651CDB00275F5D /* InfoPlist.strings in Resources */ = {isa = PBXBuildFile; fileRef = 4804C50818651CDB00275F5D /* InfoPlist.strings */; };
		4804C50C18651CDB00275F5D /* MatchismoTests.m in Sources */ = {isa = PBXBuildFile; fileRef = 4804C50B18651CDB00275F5D /* MatchismoTests.m */; };
		4804C5171865372F00275F5D /* Card.m in Sources */ = {isa = PBXBuildFile; fileRef = 4804C5161865372F00275F5D /* Card.m */; };
		48979FE41866BE17002DC4CE /* PlayingCard.m in Sources */ = {isa = PBXBuildFile; fileRef = 48979FE31866BE17002DC4CE /* PlayingCard.m */; };
		48979FE71866C602002DC4CE /* Deck.m in Sources */ = {isa = PBXBuildFile; fileRef = 48979FE61866C602002DC4CE /* Deck.m */; };
		48979FEA1866C8C4002DC4CE /* PlayingCardDeck.m in Sources */ = {isa = PBXBuildFile; fileRef = 48979FE91866C8C4002DC4CE /* PlayingCardDeck.m */; };
		48AA017618748F35005DC2EF /* GameHistoryViewController.m in Sources */ = {isa = PBXBuildFile; fileRef = 48AA017518748F35005DC2EF /* GameHistoryViewController.m */; };
		48E5DA3B186F8B86005E9985 /* PlayingCardGameViewController.m in Sources */ = {isa = PBXBuildFile; fileRef = 48E5DA3A186F8B86005E9985 /* PlayingCardGameViewController.m */; };
		48F4819218711B91004594DD /* SetCardGameViewController.m in Sources */ = {isa = PBXBuildFile; fileRef = 48F4819118711B91004594DD /* SetCardGameViewController.m */; };
		48F4819518712B5C004594DD /* SetCard.m in Sources */ = {isa = PBXBuildFile; fileRef = 48F4819418712B5C004594DD /* SetCard.m */; };
		48F48198187131E3004594DD /* SetCardDeck.m in Sources */ = {isa = PBXBuildFile; fileRef = 48F48197187131E3004594DD /* SetCardDeck.m */; };
		48FC43AE18682AF0005EBCFF /* CardMatchingGame.m in Sources */ = {isa = PBXBuildFile; fileRef = 48FC43AD18682AF0005EBCFF /* CardMatchingGame.m */; };
/* End PBXBuildFile section */

/* Begin PBXContainerItemProxy section */
		4804C50318651CDB00275F5D /* PBXContainerItemProxy */ = {
			isa = PBXContainerItemProxy;
			containerPortal = 4804C4D518651CDB00275F5D /* Project object */;
			proxyType = 1;
			remoteGlobalIDString = 4804C4DC18651CDB00275F5D;
			remoteInfo = Matchismo;
		};
/* End PBXContainerItemProxy section */

/* Begin PBXFileReference section */
		4804C4DD18651CDB00275F5D /* Matchismo.app */ = {isa = PBXFileReference; explicitFileType = wrapper.application; includeInIndex = 0; path = Matchismo.app; sourceTree = BUILT_PRODUCTS_DIR; };
		4804C4E018651CDB00275F5D /* Foundation.framework */ = {isa = PBXFileReference; lastKnownFileType = wrapper.framework; name = Foundation.framework; path = System/Library/Frameworks/Foundation.framework; sourceTree = SDKROOT; };
		4804C4E218651CDB00275F5D /* CoreGraphics.framework */ = {isa = PBXFileReference; lastKnownFileType = wrapper.framework; name = CoreGraphics.framework; path = System/Library/Frameworks/CoreGraphics.framework; sourceTree = SDKROOT; };
		4804C4E418651CDB00275F5D /* UIKit.framework */ = {isa = PBXFileReference; lastKnownFileType = wrapper.framework; name = UIKit.framework; path = System/Library/Frameworks/UIKit.framework; sourceTree = SDKROOT; };
		4804C4E818651CDB00275F5D /* Matchismo-Info.plist */ = {isa = PBXFileReference; lastKnownFileType = text.plist.xml; path = "Matchismo-Info.plist"; sourceTree = "<group>"; };
		4804C4EA18651CDB00275F5D /* en */ = {isa = PBXFileReference; lastKnownFileType = text.plist.strings; name = en; path = en.lproj/InfoPlist.strings; sourceTree = "<group>"; };
		4804C4EC18651CDB00275F5D /* main.m */ = {isa = PBXFileReference; lastKnownFileType = sourcecode.c.objc; path = main.m; sourceTree = "<group>"; };
		4804C4EE18651CDB00275F5D /* Matchismo-Prefix.pch */ = {isa = PBXFileReference; lastKnownFileType = sourcecode.c.h; path = "Matchismo-Prefix.pch"; sourceTree = "<group>"; };
		4804C4EF18651CDB00275F5D /* CardGameAppDelegate.h */ = {isa = PBXFileReference; lastKnownFileType = sourcecode.c.h; path = CardGameAppDelegate.h; sourceTree = "<group>"; };
		4804C4F018651CDB00275F5D /* CardGameAppDelegate.m */ = {isa = PBXFileReference; lastKnownFileType = sourcecode.c.objc; path = CardGameAppDelegate.m; sourceTree = "<group>"; };
		4804C4F318651CDB00275F5D /* Base */ = {isa = PBXFileReference; lastKnownFileType = file.storyboard; name = Base; path = Base.lproj/Main.storyboard; sourceTree = "<group>"; };
		4804C4F518651CDB00275F5D /* CardGameViewController.h */ = {isa = PBXFileReference; lastKnownFileType = sourcecode.c.h; path = CardGameViewController.h; sourceTree = "<group>"; };
		4804C4F618651CDB00275F5D /* CardGameViewController.m */ = {isa = PBXFileReference; lastKnownFileType = sourcecode.c.objc; path = CardGameViewController.m; sourceTree = "<group>"; };
		4804C4F818651CDB00275F5D /* Images.xcassets */ = {isa = PBXFileReference; lastKnownFileType = folder.assetcatalog; path = Images.xcassets; sourceTree = "<group>"; };
		4804C4FE18651CDB00275F5D /* MatchismoTests.xctest */ = {isa = PBXFileReference; explicitFileType = wrapper.cfbundle; includeInIndex = 0; path = MatchismoTests.xctest; sourceTree = BUILT_PRODUCTS_DIR; };
		4804C4FF18651CDB00275F5D /* XCTest.framework */ = {isa = PBXFileReference; lastKnownFileType = wrapper.framework; name = XCTest.framework; path = Library/Frameworks/XCTest.framework; sourceTree = DEVELOPER_DIR; };
		4804C50718651CDB00275F5D /* MatchismoTests-Info.plist */ = {isa = PBXFileReference; lastKnownFileType = text.plist.xml; path = "MatchismoTests-Info.plist"; sourceTree = "<group>"; };
		4804C50918651CDB00275F5D /* en */ = {isa = PBXFileReference; lastKnownFileType = text.plist.strings; name = en; path = en.lproj/InfoPlist.strings; sourceTree = "<group>"; };
		4804C50B18651CDB00275F5D /* MatchismoTests.m */ = {isa = PBXFileReference; lastKnownFileType = sourcecode.c.objc; path = MatchismoTests.m; sourceTree = "<group>"; };
		4804C5151865372F00275F5D /* Card.h */ = {isa = PBXFileReference; fileEncoding = 4; lastKnownFileType = sourcecode.c.h; name = Card.h; path = Model/Card.h; sourceTree = "<group>"; };
		4804C5161865372F00275F5D /* Card.m */ = {isa = PBXFileReference; fileEncoding = 4; lastKnownFileType = sourcecode.c.objc; name = Card.m; path = Model/Card.m; sourceTree = "<group>"; };
		48979FE21866BE17002DC4CE /* PlayingCard.h */ = {isa = PBXFileReference; fileEncoding = 4; lastKnownFileType = sourcecode.c.h; name = PlayingCard.h; path = Model/PlayingCard.h; sourceTree = "<group>"; };
		48979FE31866BE17002DC4CE /* PlayingCard.m */ = {isa = PBXFileReference; fileEncoding = 4; lastKnownFileType = sourcecode.c.objc; name = PlayingCard.m; path = Model/PlayingCard.m; sourceTree = "<group>"; };
		48979FE51866C602002DC4CE /* Deck.h */ = {isa = PBXFileReference; fileEncoding = 4; lastKnownFileType = sourcecode.c.h; name = Deck.h; path = Model/Deck.h; sourceTree = "<group>"; };
		48979FE61866C602002DC4CE /* Deck.m */ = {isa = PBXFileReference; fileEncoding = 4; lastKnownFileType = sourcecode.c.objc; name = Deck.m; path = Model/Deck.m; sourceTree = "<group>"; };
		48979FE81866C8C4002DC4CE /* PlayingCardDeck.h */ = {isa = PBXFileReference; fileEncoding = 4; lastKnownFileType = sourcecode.c.h; name = PlayingCardDeck.h; path = Model/PlayingCardDeck.h; sourceTree = "<group>"; };
		48979FE91866C8C4002DC4CE /* PlayingCardDeck.m */ = {isa = PBXFileReference; fileEncoding = 4; lastKnownFileType = sourcecode.c.objc; name = PlayingCardDeck.m; path = Model/PlayingCardDeck.m; sourceTree = "<group>"; };
		48AA017418748F35005DC2EF /* GameHistoryViewController.h */ = {isa = PBXFileReference; fileEncoding = 4; lastKnownFileType = sourcecode.c.h; path = GameHistoryViewController.h; sourceTree = "<group>"; };
		48AA017518748F35005DC2EF /* GameHistoryViewController.m */ = {isa = PBXFileReference; fileEncoding = 4; lastKnownFileType = sourcecode.c.objc; path = GameHistoryViewController.m; sourceTree = "<group>"; };
		48E5DA39186F8B86005E9985 /* PlayingCardGameViewController.h */ = {isa = PBXFileReference; fileEncoding = 4; lastKnownFileType = sourcecode.c.h; path = PlayingCardGameViewController.h; sourceTree = "<group>"; };
		48E5DA3A186F8B86005E9985 /* PlayingCardGameViewController.m */ = {isa = PBXFileReference; fileEncoding = 4; lastKnownFileType = sourcecode.c.objc; path = PlayingCardGameViewController.m; sourceTree = "<group>"; };
		48F4819018711B91004594DD /* SetCardGameViewController.h */ = {isa = PBXFileReference; fileEncoding = 4; lastKnownFileType = sourcecode.c.h; path = SetCardGameViewController.h; sourceTree = "<group>"; };
		48F4819118711B91004594DD /* SetCardGameViewController.m */ = {isa = PBXFileReference; fileEncoding = 4; lastKnownFileType = sourcecode.c.objc; path = SetCardGameViewController.m; sourceTree = "<group>"; };
		48F4819318712B5C004594DD /* SetCard.h */ = {isa = PBXFileReference; fileEncoding = 4; lastKnownFileType = sourcecode.c.h; path = SetCard.h; sourceTree = "<group>"; };
		48F4819418712B5C004594DD /* SetCard.m */ = {isa = PBXFileReference; fileEncoding = 4; lastKnownFileType = sourcecode.c.objc; path = SetCard.m; sourceTree = "<group>"; };
		48F48196187131E3004594DD /* SetCardDeck.h */ = {isa = PBXFileReference; fileEncoding = 4; lastKnownFileType = sourcecode.c.h; path = SetCardDeck.h; sourceTree = "<group>"; };
		48F48197187131E3004594DD /* SetCardDeck.m */ = {isa = PBXFileReference; fileEncoding = 4; lastKnownFileType = sourcecode.c.objc; path = SetCardDeck.m; sourceTree = "<group>"; };
		48FC43AC18682AF0005EBCFF /* CardMatchingGame.h */ = {isa = PBXFileReference; fileEncoding = 4; lastKnownFileType = sourcecode.c.h; name = CardMatchingGame.h; path = Model/CardMatchingGame.h; sourceTree = "<group>"; };
		48FC43AD18682AF0005EBCFF /* CardMatchingGame.m */ = {isa = PBXFileReference; fileEncoding = 4; lastKnownFileType = sourcecode.c.objc; name = CardMatchingGame.m; path = Model/CardMatchingGame.m; sourceTree = "<group>"; };
/* End PBXFileReference section */

/* Begin PBXFrameworksBuildPhase section */
		4804C4DA18651CDB00275F5D /* Frameworks */ = {
			isa = PBXFrameworksBuildPhase;
			buildActionMask = 2147483647;
			files = (
				4804C4E318651CDB00275F5D /* CoreGraphics.framework in Frameworks */,
				4804C4E518651CDB00275F5D /* UIKit.framework in Frameworks */,
				4804C4E118651CDB00275F5D /* Foundation.framework in Frameworks */,
			);
			runOnlyForDeploymentPostprocessing = 0;
		};
		4804C4FB18651CDB00275F5D /* Frameworks */ = {
			isa = PBXFrameworksBuildPhase;
			buildActionMask = 2147483647;
			files = (
				4804C50018651CDB00275F5D /* XCTest.framework in Frameworks */,
				4804C50218651CDB00275F5D /* UIKit.framework in Frameworks */,
				4804C50118651CDB00275F5D /* Foundation.framework in Frameworks */,
			);
			runOnlyForDeploymentPostprocessing = 0;
		};
/* End PBXFrameworksBuildPhase section */

/* Begin PBXGroup section */
		4804C4D418651CDB00275F5D = {
			isa = PBXGroup;
			children = (
				4804C4E618651CDB00275F5D /* Matchismo */,
				4804C50518651CDB00275F5D /* MatchismoTests */,
				4804C4DF18651CDB00275F5D /* Frameworks */,
				4804C4DE18651CDB00275F5D /* Products */,
			);
			sourceTree = "<group>";
		};
		4804C4DE18651CDB00275F5D /* Products */ = {
			isa = PBXGroup;
			children = (
				4804C4DD18651CDB00275F5D /* Matchismo.app */,
				4804C4FE18651CDB00275F5D /* MatchismoTests.xctest */,
			);
			name = Products;
			sourceTree = "<group>";
		};
		4804C4DF18651CDB00275F5D /* Frameworks */ = {
			isa = PBXGroup;
			children = (
				4804C4E018651CDB00275F5D /* Foundation.framework */,
				4804C4E218651CDB00275F5D /* CoreGraphics.framework */,
				4804C4E418651CDB00275F5D /* UIKit.framework */,
				4804C4FF18651CDB00275F5D /* XCTest.framework */,
			);
			name = Frameworks;
			sourceTree = "<group>";
		};
		4804C4E618651CDB00275F5D /* Matchismo */ = {
			isa = PBXGroup;
			children = (
				4804C4EF18651CDB00275F5D /* CardGameAppDelegate.h */,
				4804C4F018651CDB00275F5D /* CardGameAppDelegate.m */,
				4804C4F218651CDB00275F5D /* Main.storyboard */,
				4804C5181865375C00275F5D /* Model */,
				48D651A71873F77B003973F8 /* Controllers */,
				4804C4F818651CDB00275F5D /* Images.xcassets */,
				4804C4E718651CDB00275F5D /* Supporting Files */,
			);
			path = Matchismo;
			sourceTree = "<group>";
		};
		4804C4E718651CDB00275F5D /* Supporting Files */ = {
			isa = PBXGroup;
			children = (
				4804C4E818651CDB00275F5D /* Matchismo-Info.plist */,
				4804C4E918651CDB00275F5D /* InfoPlist.strings */,
				4804C4EC18651CDB00275F5D /* main.m */,
				4804C4EE18651CDB00275F5D /* Matchismo-Prefix.pch */,
			);
			name = "Supporting Files";
			sourceTree = "<group>";
		};
		4804C50518651CDB00275F5D /* MatchismoTests */ = {
			isa = PBXGroup;
			children = (
				4804C50B18651CDB00275F5D /* MatchismoTests.m */,
				4804C50618651CDB00275F5D /* Supporting Files */,
			);
			path = MatchismoTests;
			sourceTree = "<group>";
		};
		4804C50618651CDB00275F5D /* Supporting Files */ = {
			isa = PBXGroup;
			children = (
				4804C50718651CDB00275F5D /* MatchismoTests-Info.plist */,
				4804C50818651CDB00275F5D /* InfoPlist.strings */,
			);
			name = "Supporting Files";
			sourceTree = "<group>";
		};
		4804C5181865375C00275F5D /* Model */ = {
			isa = PBXGroup;
			children = (
				48FC43AC18682AF0005EBCFF /* CardMatchingGame.h */,
				48FC43AD18682AF0005EBCFF /* CardMatchingGame.m */,
				48979FE81866C8C4002DC4CE /* PlayingCardDeck.h */,
				48979FE91866C8C4002DC4CE /* PlayingCardDeck.m */,
				48979FE51866C602002DC4CE /* Deck.h */,
				48979FE61866C602002DC4CE /* Deck.m */,
				4804C5151865372F00275F5D /* Card.h */,
				4804C5161865372F00275F5D /* Card.m */,
				48979FE21866BE17002DC4CE /* PlayingCard.h */,
				48979FE31866BE17002DC4CE /* PlayingCard.m */,
				48F48196187131E3004594DD /* SetCardDeck.h */,
				48F48197187131E3004594DD /* SetCardDeck.m */,
				48F4819318712B5C004594DD /* SetCard.h */,
				48F4819418712B5C004594DD /* SetCard.m */,
			);
			name = Model;
			sourceTree = "<group>";
		};
		48D651A71873F77B003973F8 /* Controllers */ = {
			isa = PBXGroup;
			children = (
				48AA017418748F35005DC2EF /* GameHistoryViewController.h */,
				48AA017518748F35005DC2EF /* GameHistoryViewController.m */,
				4804C4F518651CDB00275F5D /* CardGameViewController.h */,
				4804C4F618651CDB00275F5D /* CardGameViewController.m */,
				48E5DA39186F8B86005E9985 /* PlayingCardGameViewController.h */,
				48E5DA3A186F8B86005E9985 /* PlayingCardGameViewController.m */,
				48F4819018711B91004594DD /* SetCardGameViewController.h */,
				48F4819118711B91004594DD /* SetCardGameViewController.m */,
			);
			name = Controllers;
			sourceTree = "<group>";
		};
/* End PBXGroup section */

/* Begin PBXNativeTarget section */
		4804C4DC18651CDB00275F5D /* Matchismo */ = {
			isa = PBXNativeTarget;
			buildConfigurationList = 4804C50F18651CDB00275F5D /* Build configuration list for PBXNativeTarget "Matchismo" */;
			buildPhases = (
				4804C4D918651CDB00275F5D /* Sources */,
				4804C4DA18651CDB00275F5D /* Frameworks */,
				4804C4DB18651CDB00275F5D /* Resources */,
			);
			buildRules = (
			);
			dependencies = (
			);
			name = Matchismo;
			productName = Matchismo;
			productReference = 4804C4DD18651CDB00275F5D /* Matchismo.app */;
			productType = "com.apple.product-type.application";
		};
		4804C4FD18651CDB00275F5D /* MatchismoTests */ = {
			isa = PBXNativeTarget;
			buildConfigurationList = 4804C51218651CDB00275F5D /* Build configuration list for PBXNativeTarget "MatchismoTests" */;
			buildPhases = (
				4804C4FA18651CDB00275F5D /* Sources */,
				4804C4FB18651CDB00275F5D /* Frameworks */,
				4804C4FC18651CDB00275F5D /* Resources */,
			);
			buildRules = (
			);
			dependencies = (
				4804C50418651CDB00275F5D /* PBXTargetDependency */,
			);
			name = MatchismoTests;
			productName = MatchismoTests;
			productReference = 4804C4FE18651CDB00275F5D /* MatchismoTests.xctest */;
			productType = "com.apple.product-type.bundle.unit-test";
		};
/* End PBXNativeTarget section */

/* Begin PBXProject section */
		4804C4D518651CDB00275F5D /* Project object */ = {
			isa = PBXProject;
			attributes = {
				CLASSPREFIX = CardGame;
				LastUpgradeCheck = 0500;
				ORGANIZATIONNAME = "Aditya Viswanathan";
				TargetAttributes = {
					4804C4FD18651CDB00275F5D = {
						TestTargetID = 4804C4DC18651CDB00275F5D;
					};
				};
			};
			buildConfigurationList = 4804C4D818651CDB00275F5D /* Build configuration list for PBXProject "Matchismo" */;
			compatibilityVersion = "Xcode 3.2";
			developmentRegion = English;
			hasScannedForEncodings = 0;
			knownRegions = (
				en,
				Base,
			);
			mainGroup = 4804C4D418651CDB00275F5D;
			productRefGroup = 4804C4DE18651CDB00275F5D /* Products */;
			projectDirPath = "";
			projectRoot = "";
			targets = (
				4804C4DC18651CDB00275F5D /* Matchismo */,
				4804C4FD18651CDB00275F5D /* MatchismoTests */,
			);
		};
/* End PBXProject section */

/* Begin PBXResourcesBuildPhase section */
		4804C4DB18651CDB00275F5D /* Resources */ = {
			isa = PBXResourcesBuildPhase;
			buildActionMask = 2147483647;
			files = (
				4804C4F918651CDB00275F5D /* Images.xcassets in Resources */,
				4804C4EB18651CDB00275F5D /* InfoPlist.strings in Resources */,
				4804C4F418651CDB00275F5D /* Main.storyboard in Resources */,
			);
			runOnlyForDeploymentPostprocessing = 0;
		};
		4804C4FC18651CDB00275F5D /* Resources */ = {
			isa = PBXResourcesBuildPhase;
			buildActionMask = 2147483647;
			files = (
				4804C50A18651CDB00275F5D /* InfoPlist.strings in Resources */,
			);
			runOnlyForDeploymentPostprocessing = 0;
		};
/* End PBXResourcesBuildPhase section */

/* Begin PBXSourcesBuildPhase section */
		4804C4D918651CDB00275F5D /* Sources */ = {
			isa = PBXSourcesBuildPhase;
			buildActionMask = 2147483647;
			files = (
				4804C4F118651CDB00275F5D /* CardGameAppDelegate.m in Sources */,
				4804C4F718651CDB00275F5D /* CardGameViewController.m in Sources */,
				4804C4ED18651CDB00275F5D /* main.m in Sources */,
				48979FE41866BE17002DC4CE /* PlayingCard.m in Sources */,
				48FC43AE18682AF0005EBCFF /* CardMatchingGame.m in Sources */,
				48F4819518712B5C004594DD /* SetCard.m in Sources */,
				48979FEA1866C8C4002DC4CE /* PlayingCardDeck.m in Sources */,
				48979FE71866C602002DC4CE /* Deck.m in Sources */,
				4804C5171865372F00275F5D /* Card.m in Sources */,
				48F48198187131E3004594DD /* SetCardDeck.m in Sources */,
				48AA017618748F35005DC2EF /* GameHistoryViewController.m in Sources */,
				48E5DA3B186F8B86005E9985 /* PlayingCardGameViewController.m in Sources */,
				48F4819218711B91004594DD /* SetCardGameViewController.m in Sources */,
			);
			runOnlyForDeploymentPostprocessing = 0;
		};
		4804C4FA18651CDB00275F5D /* Sources */ = {
			isa = PBXSourcesBuildPhase;
			buildActionMask = 2147483647;
			files = (
				4804C50C18651CDB00275F5D /* MatchismoTests.m in Sources */,
			);
			runOnlyForDeploymentPostprocessing = 0;
		};
/* End PBXSourcesBuildPhase section */

/* Begin PBXTargetDependency section */
		4804C50418651CDB00275F5D /* PBXTargetDependency */ = {
			isa = PBXTargetDependency;
			target = 4804C4DC18651CDB00275F5D /* Matchismo */;
			targetProxy = 4804C50318651CDB00275F5D /* PBXContainerItemProxy */;
		};
/* End PBXTargetDependency section */

/* Begin PBXVariantGroup section */
		4804C4E918651CDB00275F5D /* InfoPlist.strings */ = {
			isa = PBXVariantGroup;
			children = (
				4804C4EA18651CDB00275F5D /* en */,
			);
			name = InfoPlist.strings;
			sourceTree = "<group>";
		};
		4804C4F218651CDB00275F5D /* Main.storyboard */ = {
			isa = PBXVariantGroup;
			children = (
				4804C4F318651CDB00275F5D /* Base */,
			);
			name = Main.storyboard;
			sourceTree = "<group>";
		};
		4804C50818651CDB00275F5D /* InfoPlist.strings */ = {
			isa = PBXVariantGroup;
			children = (
				4804C50918651CDB00275F5D /* en */,
			);
			name = InfoPlist.strings;
			sourceTree = "<group>";
		};
/* End PBXVariantGroup section */

/* Begin XCBuildConfiguration section */
		4804C50D18651CDB00275F5D /* Debug */ = {
			isa = XCBuildConfiguration;
			buildSettings = {
				ALWAYS_SEARCH_USER_PATHS = NO;
				ARCHS = "$(ARCHS_STANDARD_INCLUDING_64_BIT)";
				CLANG_CXX_LANGUAGE_STANDARD = "gnu++0x";
				CLANG_CXX_LIBRARY = "libc++";
				CLANG_ENABLE_MODULES = YES;
				CLANG_ENABLE_OBJC_ARC = YES;
				CLANG_WARN_BOOL_CONVERSION = YES;
				CLANG_WARN_CONSTANT_CONVERSION = YES;
				CLANG_WARN_DIRECT_OBJC_ISA_USAGE = YES_ERROR;
				CLANG_WARN_EMPTY_BODY = YES;
				CLANG_WARN_ENUM_CONVERSION = YES;
				CLANG_WARN_INT_CONVERSION = YES;
				CLANG_WARN_OBJC_ROOT_CLASS = YES_ERROR;
				CLANG_WARN__DUPLICATE_METHOD_MATCH = YES;
				"CODE_SIGN_IDENTITY[sdk=iphoneos*]" = "iPhone Developer";
				COPY_PHASE_STRIP = NO;
				GCC_C_LANGUAGE_STANDARD = gnu99;
				GCC_DYNAMIC_NO_PIC = NO;
				GCC_OPTIMIZATION_LEVEL = 0;
				GCC_PREPROCESSOR_DEFINITIONS = (
					"DEBUG=1",
					"$(inherited)",
				);
				GCC_SYMBOLS_PRIVATE_EXTERN = NO;
				GCC_WARN_64_TO_32_BIT_CONVERSION = YES;
				GCC_WARN_ABOUT_RETURN_TYPE = YES_ERROR;
				GCC_WARN_UNDECLARED_SELECTOR = YES;
				GCC_WARN_UNINITIALIZED_AUTOS = YES;
				GCC_WARN_UNUSED_FUNCTION = YES;
				GCC_WARN_UNUSED_VARIABLE = YES;
				IPHONEOS_DEPLOYMENT_TARGET = 7.0;
				ONLY_ACTIVE_ARCH = YES;
				SDKROOT = iphoneos;
			};
			name = Debug;
		};
		4804C50E18651CDB00275F5D /* Release */ = {
			isa = XCBuildConfiguration;
			buildSettings = {
				ALWAYS_SEARCH_USER_PATHS = NO;
				ARCHS = "$(ARCHS_STANDARD_INCLUDING_64_BIT)";
				CLANG_CXX_LANGUAGE_STANDARD = "gnu++0x";
				CLANG_CXX_LIBRARY = "libc++";
				CLANG_ENABLE_MODULES = YES;
				CLANG_ENABLE_OBJC_ARC = YES;
				CLANG_WARN_BOOL_CONVERSION = YES;
				CLANG_WARN_CONSTANT_CONVERSION = YES;
				CLANG_WARN_DIRECT_OBJC_ISA_USAGE = YES_ERROR;
				CLANG_WARN_EMPTY_BODY = YES;
				CLANG_WARN_ENUM_CONVERSION = YES;
				CLANG_WARN_INT_CONVERSION = YES;
				CLANG_WARN_OBJC_ROOT_CLASS = YES_ERROR;
				CLANG_WARN__DUPLICATE_METHOD_MATCH = YES;
				"CODE_SIGN_IDENTITY[sdk=iphoneos*]" = "iPhone Developer";
				COPY_PHASE_STRIP = YES;
				ENABLE_NS_ASSERTIONS = NO;
				GCC_C_LANGUAGE_STANDARD = gnu99;
				GCC_WARN_64_TO_32_BIT_CONVERSION = YES;
				GCC_WARN_ABOUT_RETURN_TYPE = YES_ERROR;
				GCC_WARN_UNDECLARED_SELECTOR = YES;
				GCC_WARN_UNINITIALIZED_AUTOS = YES;
				GCC_WARN_UNUSED_FUNCTION = YES;
				GCC_WARN_UNUSED_VARIABLE = YES;
				IPHONEOS_DEPLOYMENT_TARGET = 7.0;
				SDKROOT = iphoneos;
				VALIDATE_PRODUCT = YES;
			};
			name = Release;
		};
		4804C51018651CDB00275F5D /* Debug */ = {
			isa = XCBuildConfiguration;
			buildSettings = {
				ASSETCATALOG_COMPILER_APPICON_NAME = AppIcon;
				ASSETCATALOG_COMPILER_LAUNCHIMAGE_NAME = LaunchImage;
				GCC_PRECOMPILE_PREFIX_HEADER = YES;
				GCC_PREFIX_HEADER = "Matchismo/Matchismo-Prefix.pch";
				INFOPLIST_FILE = "Matchismo/Matchismo-Info.plist";
				PRODUCT_NAME = "$(TARGET_NAME)";
				WRAPPER_EXTENSION = app;
			};
			name = Debug;
		};
		4804C51118651CDB00275F5D /* Release */ = {
			isa = XCBuildConfiguration;
			buildSettings = {
				ASSETCATALOG_COMPILER_APPICON_NAME = AppIcon;
				ASSETCATALOG_COMPILER_LAUNCHIMAGE_NAME = LaunchImage;
				GCC_PRECOMPILE_PREFIX_HEADER = YES;
				GCC_PREFIX_HEADER = "Matchismo/Matchismo-Prefix.pch";
				INFOPLIST_FILE = "Matchismo/Matchismo-Info.plist";
				PRODUCT_NAME = "$(TARGET_NAME)";
				WRAPPER_EXTENSION = app;
			};
			name = Release;
		};
		4804C51318651CDB00275F5D /* Debug */ = {
			isa = XCBuildConfiguration;
			buildSettings = {
				ARCHS = "$(ARCHS_STANDARD_INCLUDING_64_BIT)";
				BUNDLE_LOADER = "$(BUILT_PRODUCTS_DIR)/Matchismo.app/Matchismo";
				FRAMEWORK_SEARCH_PATHS = (
					"$(SDKROOT)/Developer/Library/Frameworks",
					"$(inherited)",
					"$(DEVELOPER_FRAMEWORKS_DIR)",
				);
				GCC_PRECOMPILE_PREFIX_HEADER = YES;
				GCC_PREFIX_HEADER = "Matchismo/Matchismo-Prefix.pch";
				GCC_PREPROCESSOR_DEFINITIONS = (
					"DEBUG=1",
					"$(inherited)",
				);
				INFOPLIST_FILE = "MatchismoTests/MatchismoTests-Info.plist";
				PRODUCT_NAME = "$(TARGET_NAME)";
				TEST_HOST = "$(BUNDLE_LOADER)";
				WRAPPER_EXTENSION = xctest;
			};
			name = Debug;
		};
		4804C51418651CDB00275F5D /* Release */ = {
			isa = XCBuildConfiguration;
			buildSettings = {
				ARCHS = "$(ARCHS_STANDARD_INCLUDING_64_BIT)";
				BUNDLE_LOADER = "$(BUILT_PRODUCTS_DIR)/Matchismo.app/Matchismo";
				FRAMEWORK_SEARCH_PATHS = (
					"$(SDKROOT)/Developer/Library/Frameworks",
					"$(inherited)",
					"$(DEVELOPER_FRAMEWORKS_DIR)",
				);
				GCC_PRECOMPILE_PREFIX_HEADER = YES;
				GCC_PREFIX_HEADER = "Matchismo/Matchismo-Prefix.pch";
				INFOPLIST_FILE = "MatchismoTests/MatchismoTests-Info.plist";
				PRODUCT_NAME = "$(TARGET_NAME)";
				TEST_HOST = "$(BUNDLE_LOADER)";
				WRAPPER_EXTENSION = xctest;
			};
			name = Release;
		};
/* End XCBuildConfiguration section */

/* Begin XCConfigurationList section */
		4804C4D818651CDB00275F5D /* Build configuration list for PBXProject "Matchismo" */ = {
			isa = XCConfigurationList;
			buildConfigurations = (
				4804C50D18651CDB00275F5D /* Debug */,
				4804C50E18651CDB00275F5D /* Release */,
			);
			defaultConfigurationIsVisible = 0;
			defaultConfigurationName = Release;
		};
		4804C50F18651CDB00275F5D /* Build configuration list for PBXNativeTarget "Matchismo" */ = {
			isa = XCConfigurationList;
			buildConfigurations = (
				4804C51018651CDB00275F5D /* Debug */,
				4804C51118651CDB00275F5D /* Release */,
			);
			defaultConfigurationIsVisible = 0;
			defaultConfigurationName = Release;
		};
		4804C51218651CDB00275F5D /* Build configuration list for PBXNativeTarget "MatchismoTests" */ = {
			isa = XCConfigurationList;
			buildConfigurations = (
				4804C51318651CDB00275F5D /* Debug */,
				4804C51418651CDB00275F5D /* Release */,
			);
			defaultConfigurationIsVisible = 0;
			defaultConfigurationName = Release;
		};
/* End XCConfigurationList section */
	};
	rootObject = 4804C4D518651CDB00275F5D /* Project object */;
}
